
Microsoft Visual Studio Solution File, Format Version 12.00
# Visual Studio Version 16
VisualStudioVersion = 16.0.30503.244
MinimumVisualStudioVersion = 10.0.40219.1
Project("{FAE04EC0-301F-11D3-BF4B-00C04F79EFBC}") = "Database first demo webapp", "Database first demo webapp\Database first demo webapp.csproj", "{79A8F897-32C3-4DC0-AFD8-943C278E473D}"
EndProject
Global
	GlobalSection(SolutionConfigurationPlatforms) = preSolution
		Debug|Any CPU = Debug|Any CPU
		Release|Any CPU = Release|Any CPU
	EndGlobalSection
	GlobalSection(ProjectConfigurationPlatforms) = postSolution
		{79A8F897-32C3-4DC0-AFD8-943C278E473D}.Debug|Any CPU.ActiveCfg = Debug|Any CPU
		{79A8F897-32C3-4DC0-AFD8-943C278E473D}.Debug|Any CPU.Build.0 = Debug|Any CPU
		{79A8F897-32C3-4DC0-AFD8-943C278E473D}.Release|Any CPU.ActiveCfg = Release|Any CPU
		{79A8F897-32C3-4DC0-AFD8-943C278E473D}.Release|Any CPU.Build.0 = Release|Any CPU
	EndGlobalSection
	GlobalSection(SolutionProperties) = preSolution
		HideSolutionNode = FALSE
	EndGlobalSection
	GlobalSection(ExtensibilityGlobals) = postSolution
		SolutionGuid = {931965C1-B1D3-4E80-BABA-2A5E7D71D8A8}
	EndGlobalSection
EndGlobal
